
Microsoft Visual Studio Solution File, Format Version 12.00
# Visual Studio Version 17
VisualStudioVersion = 17.4.33205.214
MinimumVisualStudioVersion = 10.0.40219.1
Project("{FAE04EC0-301F-11D3-BF4B-00C04F79EFBC}") = "BookStore", "BookStore.csproj", "{27218FB9-B157-4652-A5A8-4C1C5AD631C6}"
EndProject
Global
	GlobalSection(SolutionConfigurationPlatforms) = preSolution
		Debug|Any CPU = Debug|Any CPU
		Release|Any CPU = Release|Any CPU
	EndGlobalSection
	GlobalSection(ProjectConfigurationPlatforms) = postSolution
		{27218FB9-B157-4652-A5A8-4C1C5AD631C6}.Debug|Any CPU.ActiveCfg = Debug|Any CPU
		{27218FB9-B157-4652-A5A8-4C1C5AD631C6}.Debug|Any CPU.Build.0 = Debug|Any CPU
		{27218FB9-B157-4652-A5A8-4C1C5AD631C6}.Release|Any CPU.ActiveCfg = Release|Any CPU
		{27218FB9-B157-4652-A5A8-4C1C5AD631C6}.Release|Any CPU.Build.0 = Release|Any CPU
	EndGlobalSection
	GlobalSection(SolutionProperties) = preSolution
		HideSolutionNode = FALSE
	EndGlobalSection
	GlobalSection(ExtensibilityGlobals) = postSolution
		SolutionGuid = {CC134E5F-4209-4BC6-AFC6-6226CD2497E1}
	EndGlobalSection
EndGlobal
